
Microsoft Visual Studio Solution File, Format Version 12.00
# Visual Studio Version 17
VisualStudioVersion = 17.7.34221.43
MinimumVisualStudioVersion = 10.0.40219.1
Project("{FAE04EC0-301F-11D3-BF4B-00C04F79EFBC}") = "Vererbung_und_Polymorphie", "Vererbung_und_Polymorphie\Vererbung_und_Polymorphie.csproj", "{4287624F-76EC-49D8-906E-BDE9D4A83982}"
EndProject
Global
	GlobalSection(SolutionConfigurationPlatforms) = preSolution
		Debug|Any CPU = Debug|Any CPU
		Release|Any CPU = Release|Any CPU
	EndGlobalSection
	GlobalSection(ProjectConfigurationPlatforms) = postSolution
		{4287624F-76EC-49D8-906E-BDE9D4A83982}.Debug|Any CPU.ActiveCfg = Debug|Any CPU
		{4287624F-76EC-49D8-906E-BDE9D4A83982}.Debug|Any CPU.Build.0 = Debug|Any CPU
		{4287624F-76EC-49D8-906E-BDE9D4A83982}.Release|Any CPU.ActiveCfg = Release|Any CPU
		{4287624F-76EC-49D8-906E-BDE9D4A83982}.Release|Any CPU.Build.0 = Release|Any CPU
	EndGlobalSection
	GlobalSection(SolutionProperties) = preSolution
		HideSolutionNode = FALSE
	EndGlobalSection
	GlobalSection(ExtensibilityGlobals) = postSolution
		SolutionGuid = {AD64C7AA-5CC8-4228-8258-43C023F0554B}
	EndGlobalSection
EndGlobal
