
Microsoft Visual Studio Solution File, Format Version 12.00
# Visual Studio Version 17
VisualStudioVersion = 17.8.34330.188
MinimumVisualStudioVersion = 10.0.40219.1
Project("{FAE04EC0-301F-11D3-BF4B-00C04F79EFBC}") = "PraxisbeispielWithList", "PraxisbeispielWithList\PraxisbeispielWithList.csproj", "{49CA61E6-D67A-4DC1-BA44-BDCE55D95CCA}"
EndProject
Global
	GlobalSection(SolutionConfigurationPlatforms) = preSolution
		Debug|Any CPU = Debug|Any CPU
		Release|Any CPU = Release|Any CPU
	EndGlobalSection
	GlobalSection(ProjectConfigurationPlatforms) = postSolution
		{49CA61E6-D67A-4DC1-BA44-BDCE55D95CCA}.Debug|Any CPU.ActiveCfg = Debug|Any CPU
		{49CA61E6-D67A-4DC1-BA44-BDCE55D95CCA}.Debug|Any CPU.Build.0 = Debug|Any CPU
		{49CA61E6-D67A-4DC1-BA44-BDCE55D95CCA}.Release|Any CPU.ActiveCfg = Release|Any CPU
		{49CA61E6-D67A-4DC1-BA44-BDCE55D95CCA}.Release|Any CPU.Build.0 = Release|Any CPU
	EndGlobalSection
	GlobalSection(SolutionProperties) = preSolution
		HideSolutionNode = FALSE
	EndGlobalSection
	GlobalSection(ExtensibilityGlobals) = postSolution
		SolutionGuid = {C72FDADE-19DD-4CBB-93F2-2C50C7026048}
	EndGlobalSection
EndGlobal
